<Solution>
  <Configurations>
    <Platform Name="x64" />
    <Platform Name="x86" />
  </Configurations>
  <Project Path="1_13_orbit/1_13_orbit.vcxproj" Id="4f45b336-976e-4ed5-93c6-858c41cb44af" />
  <Project Path="ComG_1/ComG_1.vcxproj" Id="a67f2e6b-40bd-4400-83a2-4a09c66440ef" />
  <Project Path="ComG_1_1/ComG_1_1.vcxproj" Id="9b4da955-5cbb-4788-9be5-6ff3399a5624" />
  <Project Path="ComG_1_10/ComG_1_10.vcxproj" Id="1e1c68aa-0589-4f1a-bcc2-a15aae1df421" />
  <Project Path="ComG_1_11/ComG_1_11.vcxproj" Id="74307bf8-982d-4dc2-ae48-e43d255192a7" />
  <Project Path="ComG_1_12/ComG_1_12.vcxproj" Id="4340c200-b9c6-467d-85a6-263d113c4da1" />
  <Project Path="ComG_1_13/ComG_1_13.vcxproj" Id="ab8ae67c-1172-4b2c-9a96-07f50ba78ebc" />
  <Project Path="ComG_1_14/ComG_1_14.vcxproj" Id="8d91a285-81ff-480a-81a1-91c42ae563a0" />
  <Project Path="ComG_1_15/ComG_1_15.vcxproj" Id="0b77a529-02a9-4f05-9dae-770f86b18706" />
  <Project Path="ComG_1_2/ComG_1_2.vcxproj" Id="7c565fbb-77ef-431f-bd9c-c987569ddb96" />
  <Project Path="ComG_1_3/ComG_1_3.vcxproj" Id="51be136c-97a5-404e-bb3c-0556891593d5" />
  <Project Path="ComG_1_4/ComG_1_4.vcxproj" Id="a6cb4a91-d5f5-4a25-87ff-f28244abb39c" />
  <Project Path="ComG_1_5/ComG_1_5.vcxproj" Id="15c068da-0b14-43b9-b97f-eba6040b3b1f" />
  <Project Path="ComG_1_6/ComG_1_6.vcxproj" Id="0dc5dc88-7114-4b3e-bdc0-2afcd5851258" />
  <Project Path="ComG_1_7/ComG_1_7.vcxproj" Id="65960750-411a-4bd7-b8d5-d69ff62645b6" />
  <Project Path="ComG_1_8/ComG_1_8.vcxproj" Id="66b86ac3-50a5-46b4-b44f-8b2ac2cded31" />
  <Project Path="ComG_1_9/ComG_1_9.vcxproj" Id="4283627a-f5d9-4edc-a037-70852a1f0ef2" />
</Solution>
